
Microsoft Visual Studio Solution File, Format Version 12.00
# Visual Studio Version 16
VisualStudioVersion = 16.0.32510.428
MinimumVisualStudioVersion = 10.0.40219.1
Project("{FAE04EC0-301F-11D3-BF4B-00C04F79EFBC}") = "LB5 IT", "LB5 IT\LB5 IT.csproj", "{82AA32EA-7310-4CF2-918D-6F6F3AF13065}"
EndProject
Global
	GlobalSection(SolutionConfigurationPlatforms) = preSolution
		Debug|Any CPU = Debug|Any CPU
		Release|Any CPU = Release|Any CPU
	EndGlobalSection
	GlobalSection(ProjectConfigurationPlatforms) = postSolution
		{82AA32EA-7310-4CF2-918D-6F6F3AF13065}.Debug|Any CPU.ActiveCfg = Debug|Any CPU
		{82AA32EA-7310-4CF2-918D-6F6F3AF13065}.Debug|Any CPU.Build.0 = Debug|Any CPU
		{82AA32EA-7310-4CF2-918D-6F6F3AF13065}.Release|Any CPU.ActiveCfg = Release|Any CPU
		{82AA32EA-7310-4CF2-918D-6F6F3AF13065}.Release|Any CPU.Build.0 = Release|Any CPU
	EndGlobalSection
	GlobalSection(SolutionProperties) = preSolution
		HideSolutionNode = FALSE
	EndGlobalSection
	GlobalSection(ExtensibilityGlobals) = postSolution
		SolutionGuid = {AE6E6C36-16AE-4CFF-B819-6094C0281E0F}
	EndGlobalSection
EndGlobal
